<Solution>
    <Folder Name="/benchmarks/">
        <Project Path="benchmarks/Precursor.Benchmarks/Precursor.Benchmarks.csproj" />
    </Folder>
    <Folder Name="/src/" />
    <Folder Name="/tests/">
        <Project Path="tests/Precursor.Tests/Precursor.Tests.csproj" />
    </Folder>
    <Project Path="src/Precursor.Unmanaged/Precursor.Unmanaged.csproj" />
    <Project Path="src/Precursor/Precursor.csproj" />
</Solution>
